{
    "_readme": [
        "This file locks the dependencies of your project to a known state",
        "Read more about it at http://getcomposer.org/doc/01-basic-usage.md#composer-lock-the-lock-file",
        "This file is @generated automatically"
    ],
    "hash": "83d6dd00ea898427a1be338ae52bc167",
    "packages": [
        {
            "name": "guzzle/guzzle",
            "version": "dev-master",
            "source": {
                "type": "git",
                "url": "https://github.com/guzzle/guzzle3.git",
                "reference": "f7f3c2e66c9e60e6cc5b40298880588af52edf56"
            },
            "dist": {
                "type": "zip",
                "url": "https://api.github.com/repos/guzzle/guzzle3/zipball/f7f3c2e66c9e60e6cc5b40298880588af52edf56",
                "reference": "f7f3c2e66c9e60e6cc5b40298880588af52edf56",
                "shasum": ""
            },
            "require": {
                "ext-curl": "*",
                "php": ">=5.3.3",
                "symfony/event-dispatcher": "~2.1"
            },
            "replace": {
                "guzzle/batch": "self.version",
                "guzzle/cache": "self.version",
                "guzzle/common": "self.version",
                "guzzle/http": "self.version",
                "guzzle/inflection": "self.version",
                "guzzle/iterator": "self.version",
                "guzzle/log": "self.version",
                "guzzle/parser": "self.version",
                "guzzle/plugin": "self.version",
                "guzzle/plugin-async": "self.version",
                "guzzle/plugin-backoff": "self.version",
                "guzzle/plugin-cache": "self.version",
                "guzzle/plugin-cookie": "self.version",
                "guzzle/plugin-curlauth": "self.version",
                "guzzle/plugin-error-response": "self.version",
                "guzzle/plugin-history": "self.version",
                "guzzle/plugin-log": "self.version",
                "guzzle/plugin-md5": "self.version",
                "guzzle/plugin-mock": "self.version",
                "guzzle/plugin-oauth": "self.version",
                "guzzle/service": "self.version",
                "guzzle/stream": "self.version"
            },
            "require-dev": {
                "doctrine/cache": "~1.3",
                "monolog/monolog": "~1.0",
                "phpunit/phpunit": "3.7.*",
                "psr/log": "~1.0",
                "symfony/class-loader": "~2.1",
                "zendframework/zend-cache": "2.*,<2.3",
                "zendframework/zend-log": "2.*,<2.3"
            },
            "type": "library",
            "extra": {
                "branch-alias": {
                    "dev-master": "3.8-dev"
                }
            },
            "autoload": {
                "psr-0": {
                    "Guzzle": "src/",
                    "Guzzle\\Tests": "tests/"
                }
            },
            "notification-url": "https://packagist.org/downloads/",
            "license": [
                "MIT"
            ],
            "authors": [
                {
                    "name": "Michael Dowling",
                    "email": "mtdowling@gmail.com",
                    "homepage": "https://github.com/mtdowling"
                },
                {
                    "name": "Guzzle Community",
                    "homepage": "https://github.com/guzzle/guzzle/contributors"
                }
            ],
            "description": "Guzzle is a PHP HTTP client library and framework for building RESTful web service clients",
            "homepage": "http://guzzlephp.org/",
            "keywords": [
                "client",
                "curl",
                "framework",
                "http",
                "http client",
                "rest",
                "web service"
            ],
            "time": "2014-07-08 18:26:17"
        },
        {
            "name": "illuminate/config",
            "version": "v4.1.30",
            "target-dir": "Illuminate/Config",
            "source": {
                "type": "git",
                "url": "https://github.com/illuminate/config.git",
                "reference": "7492390a13d575e73460e6738ba38a3e41ac0341"
            },
            "dist": {
                "type": "zip",
                "url": "https://api.github.com/repos/illuminate/config/zipball/7492390a13d575e73460e6738ba38a3e41ac0341",
                "reference": "7492390a13d575e73460e6738ba38a3e41ac0341",
                "shasum": ""
            },
            "require": {
                "illuminate/filesystem": "4.1.*",
                "illuminate/support": "4.1.*",
                "php": ">=5.3.0"
            },
            "require-dev": {
                "phpunit/phpunit": "4.0.*"
            },
            "type": "library",
            "extra": {
                "branch-alias": {
                    "dev-master": "4.1-dev"
                }
            },
            "autoload": {
                "psr-0": {
                    "Illuminate\\Config": ""
                }
            },
            "notification-url": "https://packagist.org/downloads/",
            "license": [
                "MIT"
            ],
            "authors": [
                {
                    "name": "Taylor Otwell",
                    "email": "taylorotwell@gmail.com",
                    "homepage": "https://github.com/taylorotwell",
                    "role": "Creator of Laravel"
                }
            ],
            "time": "2014-04-16 00:49:36"
        },
        {
            "name": "illuminate/filesystem",
            "version": "v4.1.30",
            "target-dir": "Illuminate/Filesystem",
            "source": {
                "type": "git",
                "url": "https://github.com/illuminate/filesystem.git",
                "reference": "bae44b67e7bd68ef676c77cdb70eb505a3aff9aa"
            },
            "dist": {
                "type": "zip",
                "url": "https://api.github.com/repos/illuminate/filesystem/zipball/bae44b67e7bd68ef676c77cdb70eb505a3aff9aa",
                "reference": "bae44b67e7bd68ef676c77cdb70eb505a3aff9aa",
                "shasum": ""
            },
            "require": {
                "illuminate/support": "4.1.*",
                "php": ">=5.3.0",
                "symfony/finder": "2.4.*"
            },
            "require-dev": {
                "phpunit/phpunit": "4.0.*"
            },
            "type": "library",
            "extra": {
                "branch-alias": {
                    "dev-master": "4.1-dev"
                }
            },
            "autoload": {
                "psr-0": {
                    "Illuminate\\Filesystem": ""
                }
            },
            "notification-url": "https://packagist.org/downloads/",
            "license": [
                "MIT"
            ],
            "authors": [
                {
                    "name": "Taylor Otwell",
                    "email": "taylorotwell@gmail.com",
                    "homepage": "https://github.com/taylorotwell",
                    "role": "Creator of Laravel"
                }
            ],
            "time": "2014-03-22 20:12:48"
        },
        {
            "name": "illuminate/support",
            "version": "v4.1.30",
            "target-dir": "Illuminate/Support",
            "source": {
                "type": "git",
                "url": "https://github.com/illuminate/support.git",
                "reference": "205a132f7d5e5222d23e17d49ad922bf349d240e"
            },
            "dist": {
                "type": "zip",
                "url": "https://api.github.com/repos/illuminate/support/zipball/205a132f7d5e5222d23e17d49ad922bf349d240e",
                "reference": "205a132f7d5e5222d23e17d49ad922bf349d240e",
                "shasum": ""
            },
            "require": {
                "php": ">=5.3.0"
            },
            "require-dev": {
                "jeremeamia/superclosure": "1.0.*",
                "mockery/mockery": "0.9.*",
                "patchwork/utf8": "1.1.*",
                "phpunit/phpunit": "4.0.*"
            },
            "type": "library",
            "extra": {
                "branch-alias": {
                    "dev-master": "4.1-dev"
                }
            },
            "autoload": {
                "psr-0": {
                    "Illuminate\\Support": ""
                },
                "files": [
                    "Illuminate/Support/helpers.php"
                ]
            },
            "notification-url": "https://packagist.org/downloads/",
            "license": [
                "MIT"
            ],
            "authors": [
                {
                    "name": "Taylor Otwell",
                    "email": "taylorotwell@gmail.com",
                    "homepage": "https://github.com/taylorotwell",
                    "role": "Creator of Laravel"
                }
            ],
            "time": "2014-05-30 16:22:08"
        },
        {
            "name": "intervention/image",
            "version": "dev-master",
            "source": {
                "type": "git",
                "url": "https://github.com/Intervention/image.git",
                "reference": "fc0c20277260f09aa0bd172d66d8b39957c50078"
            },
            "dist": {
                "type": "zip",
                "url": "https://api.github.com/repos/Intervention/image/zipball/fc0c20277260f09aa0bd172d66d8b39957c50078",
                "reference": "fc0c20277260f09aa0bd172d66d8b39957c50078",
                "shasum": ""
            },
            "require": {
                "ext-fileinfo": "*",
                "illuminate/config": "4.*",
                "illuminate/support": "4.*",
                "php": ">=5.3.0"
            },
            "require-dev": {
                "mockery/mockery": "0.9.*",
                "phpunit/phpunit": "3.*"
            },
            "suggest": {
                "ext-gd": "to use GD library based image processing.",
                "ext-imagick": "to use Imagick based image processing.",
                "intervention/imagecache": "Caching extension for the Intervention Image library"
            },
            "type": "library",
            "autoload": {
                "psr-0": {
                    "Intervention\\Image\\": "src/"
                }
            },
            "notification-url": "https://packagist.org/downloads/",
            "license": [
                "MIT"
            ],
            "authors": [
                {
                    "name": "Oliver Vogel",
                    "email": "oliver@olivervogel.net",
                    "homepage": "http://olivervogel.net/"
                }
            ],
            "description": "Image handling and manipulation library with support for Laravel 4 integration",
            "homepage": "http://image.intervention.io/",
            "keywords": [
                "gd",
                "image",
                "imagick",
                "laravel",
                "thumbnail",
                "watermark"
            ],
            "time": "2014-06-30 15:30:03"
        },
        {
            "name": "monolog/monolog",
            "version": "dev-master",
            "source": {
                "type": "git",
                "url": "https://github.com/Seldaek/monolog.git",
                "reference": "8228d1ee833dbec710161ac179d1fb9ff6cd6f28"
            },
            "dist": {
                "type": "zip",
                "url": "https://api.github.com/repos/Seldaek/monolog/zipball/8228d1ee833dbec710161ac179d1fb9ff6cd6f28",
                "reference": "8228d1ee833dbec710161ac179d1fb9ff6cd6f28",
                "shasum": ""
            },
            "require": {
                "php": ">=5.3.0",
                "psr/log": "~1.0"
            },
            "provide": {
                "psr/log-implementation": "1.0.0"
            },
            "require-dev": {
                "aws/aws-sdk-php": "~2.4, >2.4.8",
                "doctrine/couchdb": "~1.0@dev",
                "graylog2/gelf-php": "~1.0",
                "phpunit/phpunit": "~3.7.0",
                "raven/raven": "~0.5",
                "ruflin/elastica": "0.90.*"
            },
            "suggest": {
                "aws/aws-sdk-php": "Allow sending log messages to AWS services like DynamoDB",
                "doctrine/couchdb": "Allow sending log messages to a CouchDB server",
                "ext-amqp": "Allow sending log messages to an AMQP server (1.0+ required)",
                "ext-mongo": "Allow sending log messages to a MongoDB server",
                "graylog2/gelf-php": "Allow sending log messages to a GrayLog2 server",
                "raven/raven": "Allow sending log messages to a Sentry server",
                "rollbar/rollbar": "Allow sending log messages to Rollbar",
                "ruflin/elastica": "Allow sending log messages to an Elastic Search server"
            },
            "type": "library",
            "extra": {
                "branch-alias": {
                    "dev-master": "1.10.x-dev"
                }
            },
            "autoload": {
                "psr-4": {
                    "Monolog\\": "src/Monolog"
                }
            },
            "notification-url": "https://packagist.org/downloads/",
            "license": [
                "MIT"
            ],
            "authors": [
                {
                    "name": "Jordi Boggiano",
                    "email": "j.boggiano@seld.be",
                    "homepage": "http://seld.be",
                    "role": "Developer"
                }
            ],
            "description": "Sends your logs to files, sockets, inboxes, databases and various web services",
            "homepage": "http://github.com/Seldaek/monolog",
            "keywords": [
                "log",
                "logging",
                "psr-3"
            ],
            "time": "2014-06-30 13:24:53"
        },
        {
            "name": "psr/log",
            "version": "1.0.0",
            "source": {
                "type": "git",
                "url": "https://github.com/php-fig/log.git",
                "reference": "fe0936ee26643249e916849d48e3a51d5f5e278b"
            },
            "dist": {
                "type": "zip",
                "url": "https://api.github.com/repos/php-fig/log/zipball/fe0936ee26643249e916849d48e3a51d5f5e278b",
                "reference": "fe0936ee26643249e916849d48e3a51d5f5e278b",
                "shasum": ""
            },
            "type": "library",
            "autoload": {
                "psr-0": {
                    "Psr\\Log\\": ""
                }
            },
            "notification-url": "https://packagist.org/downloads/",
            "license": [
                "MIT"
            ],
            "authors": [
                {
                    "name": "PHP-FIG",
                    "homepage": "http://www.php-fig.org/"
                }
            ],
            "description": "Common interface for logging libraries",
            "keywords": [
                "log",
                "psr",
                "psr-3"
            ],
            "time": "2012-12-21 11:40:51"
        },
        {
            "name": "swiftmailer/swiftmailer",
            "version": "dev-master",
            "source": {
                "type": "git",
                "url": "https://github.com/swiftmailer/swiftmailer.git",
                "reference": "1471619d856da006a4de443355d6339325b3f46e"
            },
            "dist": {
                "type": "zip",
                "url": "https://api.github.com/repos/swiftmailer/swiftmailer/zipball/1471619d856da006a4de443355d6339325b3f46e",
                "reference": "1471619d856da006a4de443355d6339325b3f46e",
                "shasum": ""
            },
            "require": {
                "php": ">=5.2.4"
            },
            "require-dev": {
                "mockery/mockery": "~0.9.1"
            },
            "type": "library",
            "extra": {
                "branch-alias": {
                    "dev-master": "5.2-dev"
                }
            },
            "autoload": {
                "files": [
                    "lib/swift_required.php"
                ]
            },
            "notification-url": "https://packagist.org/downloads/",
            "license": [
                "MIT"
            ],
            "authors": [
                {
                    "name": "Fabien Potencier",
                    "email": "fabien@symfony.com",
                    "homepage": "http://fabien.potencier.org",
                    "role": "Lead Developer"
                },
                {
                    "name": "Chris Corbyn"
                }
            ],
            "description": "Swiftmailer, free feature-rich PHP mailer",
            "homepage": "http://swiftmailer.org",
            "keywords": [
                "mail",
                "mailer"
            ],
            "time": "2014-07-03 13:54:59"
        },
        {
            "name": "symfony/css-selector",
            "version": "2.5.x-dev",
            "target-dir": "Symfony/Component/CssSelector",
            "source": {
                "type": "git",
                "url": "https://github.com/symfony/CssSelector.git",
                "reference": "e24b8215bf39a6a2ce0c262bc5b000724077afa9"
            },
            "dist": {
                "type": "zip",
                "url": "https://api.github.com/repos/symfony/CssSelector/zipball/e24b8215bf39a6a2ce0c262bc5b000724077afa9",
                "reference": "e24b8215bf39a6a2ce0c262bc5b000724077afa9",
                "shasum": ""
            },
            "require": {
                "php": ">=5.3.3"
            },
            "type": "library",
            "extra": {
                "branch-alias": {
                    "dev-master": "2.5-dev"
                }
            },
            "autoload": {
                "psr-0": {
                    "Symfony\\Component\\CssSelector\\": ""
                }
            },
            "notification-url": "https://packagist.org/downloads/",
            "license": [
                "MIT"
            ],
            "authors": [
                {
                    "name": "Fabien Potencier",
                    "email": "fabien@symfony.com",
                    "homepage": "http://fabien.potencier.org",
                    "role": "Lead Developer"
                },
                {
                    "name": "Symfony Community",
                    "homepage": "http://symfony.com/contributors"
                },
                {
                    "name": "Jean-François Simon",
                    "email": "jeanfrancois.simon@sensiolabs.com"
                }
            ],
            "description": "Symfony CssSelector Component",
            "homepage": "http://symfony.com",
            "time": "2014-07-09 09:05:48"
        },
        {
            "name": "symfony/dom-crawler",
            "version": "dev-master",
            "target-dir": "Symfony/Component/DomCrawler",
            "source": {
                "type": "git",
                "url": "https://github.com/symfony/DomCrawler.git",
                "reference": "e50da0a1af797151266110f432586d062bb873fb"
            },
            "dist": {
                "type": "zip",
                "url": "https://api.github.com/repos/symfony/DomCrawler/zipball/e50da0a1af797151266110f432586d062bb873fb",
                "reference": "e50da0a1af797151266110f432586d062bb873fb",
                "shasum": ""
            },
            "require": {
                "php": ">=5.3.3"
            },
            "require-dev": {
                "symfony/css-selector": "~2.0"
            },
            "suggest": {
                "symfony/css-selector": ""
            },
            "type": "library",
            "extra": {
                "branch-alias": {
                    "dev-master": "2.6-dev"
                }
            },
            "autoload": {
                "psr-0": {
                    "Symfony\\Component\\DomCrawler\\": ""
                }
            },
            "notification-url": "https://packagist.org/downloads/",
            "license": [
                "MIT"
            ],
            "authors": [
                {
                    "name": "Fabien Potencier",
                    "email": "fabien@symfony.com",
                    "homepage": "http://fabien.potencier.org",
                    "role": "Lead Developer"
                },
                {
                    "name": "Symfony Community",
                    "homepage": "http://symfony.com/contributors"
                }
            ],
            "description": "Symfony DomCrawler Component",
            "homepage": "http://symfony.com",
            "time": "2014-07-09 09:06:26"
        },
        {
            "name": "symfony/event-dispatcher",
            "version": "v2.5.1",
            "target-dir": "Symfony/Component/EventDispatcher",
            "source": {
                "type": "git",
                "url": "https://github.com/symfony/EventDispatcher.git",
                "reference": "84533bf98da5486b9395a1d95e9184e04e14aad3"
            },
            "dist": {
                "type": "zip",
                "url": "https://api.github.com/repos/symfony/EventDispatcher/zipball/84533bf98da5486b9395a1d95e9184e04e14aad3",
                "reference": "84533bf98da5486b9395a1d95e9184e04e14aad3",
                "shasum": ""
            },
            "require": {
                "php": ">=5.3.3"
            },
            "require-dev": {
                "psr/log": "~1.0",
                "symfony/config": "~2.0",
                "symfony/dependency-injection": "~2.0",
                "symfony/stopwatch": "~2.2"
            },
            "suggest": {
                "symfony/dependency-injection": "",
                "symfony/http-kernel": ""
            },
            "type": "library",
            "extra": {
                "branch-alias": {
                    "dev-master": "2.5-dev"
                }
            },
            "autoload": {
                "psr-0": {
                    "Symfony\\Component\\EventDispatcher\\": ""
                }
            },
            "notification-url": "https://packagist.org/downloads/",
            "license": [
                "MIT"
            ],
            "authors": [
                {
                    "name": "Fabien Potencier",
                    "email": "fabien@symfony.com",
                    "homepage": "http://fabien.potencier.org",
                    "role": "Lead Developer"
                },
                {
                    "name": "Symfony Community",
                    "homepage": "http://symfony.com/contributors"
                }
            ],
            "description": "Symfony EventDispatcher Component",
            "homepage": "http://symfony.com",
            "time": "2014-07-08 12:21:33"
        },
        {
            "name": "symfony/finder",
            "version": "v2.4.7",
            "target-dir": "Symfony/Component/Finder",
            "source": {
                "type": "git",
                "url": "https://github.com/symfony/Finder.git",
                "reference": "3b38b869ae35d50210a8f8733c164f3bc7e091b5"
            },
            "dist": {
                "type": "zip",
                "url": "https://api.github.com/repos/symfony/Finder/zipball/3b38b869ae35d50210a8f8733c164f3bc7e091b5",
                "reference": "3b38b869ae35d50210a8f8733c164f3bc7e091b5",
                "shasum": ""
            },
            "require": {
                "php": ">=5.3.3"
            },
            "type": "library",
            "extra": {
                "branch-alias": {
                    "dev-master": "2.4-dev"
                }
            },
            "autoload": {
                "psr-0": {
                    "Symfony\\Component\\Finder\\": ""
                }
            },
            "notification-url": "https://packagist.org/downloads/",
            "license": [
                "MIT"
            ],
            "authors": [
                {
                    "name": "Fabien Potencier",
                    "email": "fabien@symfony.com",
                    "homepage": "http://fabien.potencier.org",
                    "role": "Lead Developer"
                },
                {
                    "name": "Symfony Community",
                    "homepage": "http://symfony.com/contributors"
                }
            ],
            "description": "Symfony Finder Component",
            "homepage": "http://symfony.com",
            "time": "2014-07-08 11:46:35"
        }
    ],
    "packages-dev": [

    ],
    "aliases": [

    ],
    "minimum-stability": "stable",
    "stability-flags": {
        "guzzle/guzzle": 20,
        "monolog/monolog": 20,
        "swiftmailer/swiftmailer": 20,
        "symfony/dom-crawler": 20,
        "symfony/css-selector": 20,
        "intervention/image": 20
    },
    "platform": {
        "php": ">=5.3.3"
    },
    "platform-dev": [

    ]
}
